{
  "version": "5",
  "specifiers": {
    "jsr:@deno/installer-shell-setup@*": "0.3.4"
  },
  "jsr": {
    "@deno/installer-shell-setup@0.3.4": {
      "integrity": "48665d1a737d487cce6874bc97bba70a5aeffa7053aca3f60df93c6fab8963b4"
    }
  },
  "workspace": {
    "packageJson": {
      "dependencies": [
        "npm:@babel/core@^7.25.2",
        "npm:@expo/vector-icons@^15.0.2",
        "npm:@react-navigation/bottom-tabs@^7.3.10",
        "npm:@react-navigation/elements@^2.3.8",
        "npm:@react-navigation/native@^7.1.6",
        "npm:@supabase/supabase-js@^2.56.1",
        "npm:@types/react@~19.2.4",
        "npm:eslint-config-expo@~57.0.2",
        "npm:eslint@^9.25.0",
        "npm:expo-blur@~57.0.3",
        "npm:expo-constants@~57.0.19",
        "npm:expo-font@~57.0.4",
        "npm:expo-haptics@~57.0.3",
        "npm:expo-image@~57.0.5",
        "npm:expo-linking@~57.0.10",
        "npm:expo-router@~57.0.22",
        "npm:expo-splash-screen@~57.0.9",
        "npm:expo-status-bar@~57.0.1",
        "npm:expo-symbols@~57.0.3",
        "npm:expo-system-ui@~57.0.4",
        "npm:expo-web-browser@~57.0.3",
        "npm:expo@^57.0.24",
        "npm:react-dom@19.2.3",
        "npm:react-native-gesture-handler@2.32",
        "npm:react-native-paper@^5.14.5",
        "npm:react-native-reanimated@4.5.1",
        "npm:react-native-safe-area-context@5.7",
        "npm:react-native-screens@4.26",
        "npm:react-native-url-polyfill@2",
        "npm:react-native-uuid@^2.0.3",
        "npm:react-native-vector-icons@^10.3.0",
        "npm:react-native-web@~0.21.2",
        "npm:react-native-webview@13.16.1",
        "npm:react-native-worklets@0.10.1",
        "npm:react-native@0.86.3",
        "npm:react@19.2.3",
        "npm:supabase@^2.40.7",
        "npm:typescript@~6.0.3"
      ]
    }
  }
}
